// !$*UTF8*$!
{
	archiveVersion = 1;
	classes = {
	};
	objectVersion = 56;
	objects = {

/* Begin PBXBuildFile section */
		782D45CE2C86AA89001263A1 /* PageBackground.swift in Sources */ = {isa = PBXBuildFile; fileRef = 782D45CD2C86AA89001263A1 /* PageBackground.swift */; };
		782D45D02C86ACB9001263A1 /* NavBarModifier.swift in Sources */ = {isa = PBXBuildFile; fileRef = 782D45CF2C86ACB9001263A1 /* NavBarModifier.swift */; };
		782D45D22C86ACFC001263A1 /* Constants+Strings+Home.swift in Sources */ = {isa = PBXBuildFile; fileRef = 782D45D12C86ACFC001263A1 /* Constants+Strings+Home.swift */; };
		782D45D42C86AD06001263A1 /* Constants+Strings+Feed.swift in Sources */ = {isa = PBXBuildFile; fileRef = 782D45D32C86AD06001263A1 /* Constants+Strings+Feed.swift */; };
		782D45D62C86AD10001263A1 /* Constants+Strings+Favorites.swift in Sources */ = {isa = PBXBuildFile; fileRef = 782D45D52C86AD10001263A1 /* Constants+Strings+Favorites.swift */; };
		782D45D82C86AD18001263A1 /* Constants+Feeds+Settings.swift in Sources */ = {isa = PBXBuildFile; fileRef = 782D45D72C86AD18001263A1 /* Constants+Feeds+Settings.swift */; };
		782D45DB2C86B398001263A1 /* AlertInfo.swift in Sources */ = {isa = PBXBuildFile; fileRef = 782D45DA2C86B398001263A1 /* AlertInfo.swift */; };
		782D45DD2C86B403001263A1 /* Constants+Strings+Shared.swift in Sources */ = {isa = PBXBuildFile; fileRef = 782D45DC2C86B403001263A1 /* Constants+Strings+Shared.swift */; };
		782D45DF2C86B61B001263A1 /* JokeResult.swift in Sources */ = {isa = PBXBuildFile; fileRef = 782D45DE2C86B61B001263A1 /* JokeResult.swift */; };
		782D45E22C86B8D7001263A1 /* UserDAOProtocol.swift in Sources */ = {isa = PBXBuildFile; fileRef = 782D45E12C86B8D7001263A1 /* UserDAOProtocol.swift */; };
		782D45E42C86B8DE001263A1 /* UserDAO.swift in Sources */ = {isa = PBXBuildFile; fileRef = 782D45E32C86B8DE001263A1 /* UserDAO.swift */; };
		782D45E72C86BA70001263A1 /* UserRepositoryProtocol.swift in Sources */ = {isa = PBXBuildFile; fileRef = 782D45E62C86BA70001263A1 /* UserRepositoryProtocol.swift */; };
		782D45E92C86BA7E001263A1 /* UserRepository.swift in Sources */ = {isa = PBXBuildFile; fileRef = 782D45E82C86BA7E001263A1 /* UserRepository.swift */; };
		782D45EB2C86BB6B001263A1 /* AppState.swift in Sources */ = {isa = PBXBuildFile; fileRef = 782D45EA2C86BB6B001263A1 /* AppState.swift */; };
		782D45EE2C86BC1D001263A1 /* LoginView.swift in Sources */ = {isa = PBXBuildFile; fileRef = 782D45ED2C86BC1D001263A1 /* LoginView.swift */; };
		782D45F02C86BC4A001263A1 /* AppButton.swift in Sources */ = {isa = PBXBuildFile; fileRef = 782D45EF2C86BC4A001263A1 /* AppButton.swift */; };
		782D45F22C86BC93001263A1 /* TextModifiers.swift in Sources */ = {isa = PBXBuildFile; fileRef = 782D45F12C86BC93001263A1 /* TextModifiers.swift */; };
		782D45F42C86BD04001263A1 /* Constants+Strings+Login.swift in Sources */ = {isa = PBXBuildFile; fileRef = 782D45F32C86BD04001263A1 /* Constants+Strings+Login.swift */; };
		782D45F82C873CCD001263A1 /* AppLabel.swift in Sources */ = {isa = PBXBuildFile; fileRef = 782D45F72C873CCD001263A1 /* AppLabel.swift */; };
		782D45FA2C873CDC001263A1 /* AppTextStyle.swift in Sources */ = {isa = PBXBuildFile; fileRef = 782D45F92C873CDC001263A1 /* AppTextStyle.swift */; };
		782D45FC2C873E24001263A1 /* JokeView.swift in Sources */ = {isa = PBXBuildFile; fileRef = 782D45FB2C873E24001263A1 /* JokeView.swift */; };
		782D46002C873F01001263A1 /* ColorScheme.swift in Sources */ = {isa = PBXBuildFile; fileRef = 782D45FF2C873F01001263A1 /* ColorScheme.swift */; };
		782D46022C873F23001263A1 /* Color+Extensions.swift in Sources */ = {isa = PBXBuildFile; fileRef = 782D46012C873F23001263A1 /* Color+Extensions.swift */; };
		782D46042C874190001263A1 /* PagedJokeView.swift in Sources */ = {isa = PBXBuildFile; fileRef = 782D46032C874190001263A1 /* PagedJokeView.swift */; };
		782D46062C8743EE001263A1 /* JokeContainer.swift in Sources */ = {isa = PBXBuildFile; fileRef = 782D46052C8743EE001263A1 /* JokeContainer.swift */; };
		782D46082C87696D001263A1 /* FeedJoke.swift in Sources */ = {isa = PBXBuildFile; fileRef = 782D46072C87696D001263A1 /* FeedJoke.swift */; };
		782D460A2C877358001263A1 /* Constants+Numbers+Time.swift in Sources */ = {isa = PBXBuildFile; fileRef = 782D46092C877358001263A1 /* Constants+Numbers+Time.swift */; };
		782D460C2C8775F5001263A1 /* Constants+Strings+API.swift in Sources */ = {isa = PBXBuildFile; fileRef = 782D460B2C8775F5001263A1 /* Constants+Strings+API.swift */; };
		78F56D4A2C8555BA009A2781 /* PunsterApp.swift in Sources */ = {isa = PBXBuildFile; fileRef = 78F56D492C8555BA009A2781 /* PunsterApp.swift */; };
		78F56D4E2C8555BB009A2781 /* Assets.xcassets in Resources */ = {isa = PBXBuildFile; fileRef = 78F56D4D2C8555BB009A2781 /* Assets.xcassets */; };
		78F56D512C8555BB009A2781 /* Preview Assets.xcassets in Resources */ = {isa = PBXBuildFile; fileRef = 78F56D502C8555BB009A2781 /* Preview Assets.xcassets */; };
		78F56D6D2C8557A9009A2781 /* Colors.xcassets in Resources */ = {isa = PBXBuildFile; fileRef = 78F56D6C2C8557A9009A2781 /* Colors.xcassets */; };
		78F56D712C85DCE5009A2781 /* Inter-Bold.ttf in Resources */ = {isa = PBXBuildFile; fileRef = 78F56D6F2C85DCE5009A2781 /* Inter-Bold.ttf */; };
		78F56D722C85DCE5009A2781 /* Inter-Regular.ttf in Resources */ = {isa = PBXBuildFile; fileRef = 78F56D702C85DCE5009A2781 /* Inter-Regular.ttf */; };
		78F56D742C85DD03009A2781 /* Inter-ExtraLight.ttf in Resources */ = {isa = PBXBuildFile; fileRef = 78F56D732C85DD03009A2781 /* Inter-ExtraLight.ttf */; };
		78F56D772C85DDBA009A2781 /* Font+Extensions.swift in Sources */ = {isa = PBXBuildFile; fileRef = 78F56D762C85DDBA009A2781 /* Font+Extensions.swift */; };
		78F56D7A2C85DEA2009A2781 /* Swinject in Frameworks */ = {isa = PBXBuildFile; productRef = 78F56D792C85DEA2009A2781 /* Swinject */; };
		78F56D7D2C85DEBF009A2781 /* Alamofire in Frameworks */ = {isa = PBXBuildFile; productRef = 78F56D7C2C85DEBF009A2781 /* Alamofire */; };
		78F56D7F2C85F3F5009A2781 /* Joke.swift in Sources */ = {isa = PBXBuildFile; fileRef = 78F56D7E2C85F3F5009A2781 /* Joke.swift */; };
		78F56D842C85F51C009A2781 /* JokeType.swift in Sources */ = {isa = PBXBuildFile; fileRef = 78F56D832C85F51C009A2781 /* JokeType.swift */; };
		78F56D872C866D98009A2781 /* NetworkService.swift in Sources */ = {isa = PBXBuildFile; fileRef = 78F56D862C866D98009A2781 /* NetworkService.swift */; };
		78F56D892C866DA1009A2781 /* NetworkServiceProtocol.swift in Sources */ = {isa = PBXBuildFile; fileRef = 78F56D882C866DA1009A2781 /* NetworkServiceProtocol.swift */; };
		78F56D8C2C867695009A2781 /* CacheServiceProtocol.swift in Sources */ = {isa = PBXBuildFile; fileRef = 78F56D8B2C867695009A2781 /* CacheServiceProtocol.swift */; };
		78F56D8E2C8676BA009A2781 /* CacheService.swift in Sources */ = {isa = PBXBuildFile; fileRef = 78F56D8D2C8676BA009A2781 /* CacheService.swift */; };
		78F56D912C867A08009A2781 /* JokeServiceProtocol.swift in Sources */ = {isa = PBXBuildFile; fileRef = 78F56D902C867A08009A2781 /* JokeServiceProtocol.swift */; };
		78F56D932C867A0F009A2781 /* JokeService.swift in Sources */ = {isa = PBXBuildFile; fileRef = 78F56D922C867A0F009A2781 /* JokeService.swift */; };
		78F56D972C8682BE009A2781 /* JokeDAOProtocol.swift in Sources */ = {isa = PBXBuildFile; fileRef = 78F56D962C8682BE009A2781 /* JokeDAOProtocol.swift */; };
		78F56D992C8682C4009A2781 /* JokeDAO.swift in Sources */ = {isa = PBXBuildFile; fileRef = 78F56D982C8682C4009A2781 /* JokeDAO.swift */; };
		78F56D9B2C8685FE009A2781 /* CacheError.swift in Sources */ = {isa = PBXBuildFile; fileRef = 78F56D9A2C8685FE009A2781 /* CacheError.swift */; };
		78F56D9D2C868B21009A2781 /* DependencyContainer.swift in Sources */ = {isa = PBXBuildFile; fileRef = 78F56D9C2C868B21009A2781 /* DependencyContainer.swift */; };
		78F56DA02C8690B5009A2781 /* JokeRepositoryProtocol.swift in Sources */ = {isa = PBXBuildFile; fileRef = 78F56D9F2C8690B5009A2781 /* JokeRepositoryProtocol.swift */; };
		78F56DA22C8690BC009A2781 /* JokeRepository.swift in Sources */ = {isa = PBXBuildFile; fileRef = 78F56DA12C8690BC009A2781 /* JokeRepository.swift */; };
		78F56DA52C86A461009A2781 /* MainTabView.swift in Sources */ = {isa = PBXBuildFile; fileRef = 78F56DA42C86A461009A2781 /* MainTabView.swift */; };
		78F56DA72C86A473009A2781 /* MainTabViewModel.swift in Sources */ = {isa = PBXBuildFile; fileRef = 78F56DA62C86A473009A2781 /* MainTabViewModel.swift */; };
		78F56DA92C86A4C1009A2781 /* Constants.swift in Sources */ = {isa = PBXBuildFile; fileRef = 78F56DA82C86A4C1009A2781 /* Constants.swift */; };
		78F56DB02C86A62D009A2781 /* Localizable.strings in Resources */ = {isa = PBXBuildFile; fileRef = 78F56DAF2C86A62D009A2781 /* Localizable.strings */; };
		78F56DB22C86A692009A2781 /* String+Extensions.swift in Sources */ = {isa = PBXBuildFile; fileRef = 78F56DB12C86A692009A2781 /* String+Extensions.swift */; };
		78F56DB52C86A746009A2781 /* HomeView.swift in Sources */ = {isa = PBXBuildFile; fileRef = 78F56DB42C86A746009A2781 /* HomeView.swift */; };
		78F56DB72C86A74D009A2781 /* HomeViewModel.swift in Sources */ = {isa = PBXBuildFile; fileRef = 78F56DB62C86A74D009A2781 /* HomeViewModel.swift */; };
		78F56DBA2C86A780009A2781 /* FeedViewModel.swift in Sources */ = {isa = PBXBuildFile; fileRef = 78F56DB92C86A780009A2781 /* FeedViewModel.swift */; };
		78F56DBC2C86A787009A2781 /* FeedView.swift in Sources */ = {isa = PBXBuildFile; fileRef = 78F56DBB2C86A787009A2781 /* FeedView.swift */; };
		78F56DC42C86A7D7009A2781 /* SettingsViewModel.swift in Sources */ = {isa = PBXBuildFile; fileRef = 78F56DC32C86A7D7009A2781 /* SettingsViewModel.swift */; };
		78F56DC62C86A7E5009A2781 /* SettingsView.swift in Sources */ = {isa = PBXBuildFile; fileRef = 78F56DC52C86A7E5009A2781 /* SettingsView.swift */; };
/* End PBXBuildFile section */

/* Begin PBXFileReference section */
		782D45CD2C86AA89001263A1 /* PageBackground.swift */ = {isa = PBXFileReference; lastKnownFileType = sourcecode.swift; path = PageBackground.swift; sourceTree = "<group>"; };
		782D45CF2C86ACB9001263A1 /* NavBarModifier.swift */ = {isa = PBXFileReference; lastKnownFileType = sourcecode.swift; path = NavBarModifier.swift; sourceTree = "<group>"; };
		782D45D12C86ACFC001263A1 /* Constants+Strings+Home.swift */ = {isa = PBXFileReference; lastKnownFileType = sourcecode.swift; path = "Constants+Strings+Home.swift"; sourceTree = "<group>"; };
		782D45D32C86AD06001263A1 /* Constants+Strings+Feed.swift */ = {isa = PBXFileReference; lastKnownFileType = sourcecode.swift; path = "Constants+Strings+Feed.swift"; sourceTree = "<group>"; };
		782D45D52C86AD10001263A1 /* Constants+Strings+Favorites.swift */ = {isa = PBXFileReference; lastKnownFileType = sourcecode.swift; path = "Constants+Strings+Favorites.swift"; sourceTree = "<group>"; };
		782D45D72C86AD18001263A1 /* Constants+Feeds+Settings.swift */ = {isa = PBXFileReference; lastKnownFileType = sourcecode.swift; path = "Constants+Feeds+Settings.swift"; sourceTree = "<group>"; };
		782D45DA2C86B398001263A1 /* AlertInfo.swift */ = {isa = PBXFileReference; lastKnownFileType = sourcecode.swift; path = AlertInfo.swift; sourceTree = "<group>"; };
		782D45DC2C86B403001263A1 /* Constants+Strings+Shared.swift */ = {isa = PBXFileReference; lastKnownFileType = sourcecode.swift; path = "Constants+Strings+Shared.swift"; sourceTree = "<group>"; };
		782D45DE2C86B61B001263A1 /* JokeResult.swift */ = {isa = PBXFileReference; lastKnownFileType = sourcecode.swift; path = JokeResult.swift; sourceTree = "<group>"; };
		782D45E12C86B8D7001263A1 /* UserDAOProtocol.swift */ = {isa = PBXFileReference; lastKnownFileType = sourcecode.swift; path = UserDAOProtocol.swift; sourceTree = "<group>"; };
		782D45E32C86B8DE001263A1 /* UserDAO.swift */ = {isa = PBXFileReference; lastKnownFileType = sourcecode.swift; path = UserDAO.swift; sourceTree = "<group>"; };
		782D45E62C86BA70001263A1 /* UserRepositoryProtocol.swift */ = {isa = PBXFileReference; lastKnownFileType = sourcecode.swift; path = UserRepositoryProtocol.swift; sourceTree = "<group>"; };
		782D45E82C86BA7E001263A1 /* UserRepository.swift */ = {isa = PBXFileReference; lastKnownFileType = sourcecode.swift; path = UserRepository.swift; sourceTree = "<group>"; };
		782D45EA2C86BB6B001263A1 /* AppState.swift */ = {isa = PBXFileReference; lastKnownFileType = sourcecode.swift; path = AppState.swift; sourceTree = "<group>"; };
		782D45ED2C86BC1D001263A1 /* LoginView.swift */ = {isa = PBXFileReference; lastKnownFileType = sourcecode.swift; path = LoginView.swift; sourceTree = "<group>"; };
		782D45EF2C86BC4A001263A1 /* AppButton.swift */ = {isa = PBXFileReference; lastKnownFileType = sourcecode.swift; path = AppButton.swift; sourceTree = "<group>"; };
		782D45F12C86BC93001263A1 /* TextModifiers.swift */ = {isa = PBXFileReference; lastKnownFileType = sourcecode.swift; path = TextModifiers.swift; sourceTree = "<group>"; };
		782D45F32C86BD04001263A1 /* Constants+Strings+Login.swift */ = {isa = PBXFileReference; lastKnownFileType = sourcecode.swift; path = "Constants+Strings+Login.swift"; sourceTree = "<group>"; };
		782D45F72C873CCD001263A1 /* AppLabel.swift */ = {isa = PBXFileReference; lastKnownFileType = sourcecode.swift; path = AppLabel.swift; sourceTree = "<group>"; };
		782D45F92C873CDC001263A1 /* AppTextStyle.swift */ = {isa = PBXFileReference; lastKnownFileType = sourcecode.swift; path = AppTextStyle.swift; sourceTree = "<group>"; };
		782D45FB2C873E24001263A1 /* JokeView.swift */ = {isa = PBXFileReference; lastKnownFileType = sourcecode.swift; path = JokeView.swift; sourceTree = "<group>"; };
		782D45FF2C873F01001263A1 /* ColorScheme.swift */ = {isa = PBXFileReference; lastKnownFileType = sourcecode.swift; path = ColorScheme.swift; sourceTree = "<group>"; };
		782D46012C873F23001263A1 /* Color+Extensions.swift */ = {isa = PBXFileReference; lastKnownFileType = sourcecode.swift; path = "Color+Extensions.swift"; sourceTree = "<group>"; };
		782D46032C874190001263A1 /* PagedJokeView.swift */ = {isa = PBXFileReference; lastKnownFileType = sourcecode.swift; path = PagedJokeView.swift; sourceTree = "<group>"; };
		782D46052C8743EE001263A1 /* JokeContainer.swift */ = {isa = PBXFileReference; lastKnownFileType = sourcecode.swift; path = JokeContainer.swift; sourceTree = "<group>"; };
		782D46072C87696D001263A1 /* FeedJoke.swift */ = {isa = PBXFileReference; lastKnownFileType = sourcecode.swift; path = FeedJoke.swift; sourceTree = "<group>"; };
		782D46092C877358001263A1 /* Constants+Numbers+Time.swift */ = {isa = PBXFileReference; lastKnownFileType = sourcecode.swift; path = "Constants+Numbers+Time.swift"; sourceTree = "<group>"; };
		782D460B2C8775F5001263A1 /* Constants+Strings+API.swift */ = {isa = PBXFileReference; lastKnownFileType = sourcecode.swift; path = "Constants+Strings+API.swift"; sourceTree = "<group>"; };
		78F56D462C8555BA009A2781 /* Punster.app */ = {isa = PBXFileReference; explicitFileType = wrapper.application; includeInIndex = 0; path = Punster.app; sourceTree = BUILT_PRODUCTS_DIR; };
		78F56D492C8555BA009A2781 /* PunsterApp.swift */ = {isa = PBXFileReference; lastKnownFileType = sourcecode.swift; path = PunsterApp.swift; sourceTree = "<group>"; };
		78F56D4D2C8555BB009A2781 /* Assets.xcassets */ = {isa = PBXFileReference; lastKnownFileType = folder.assetcatalog; path = Assets.xcassets; sourceTree = "<group>"; };
		78F56D502C8555BB009A2781 /* Preview Assets.xcassets */ = {isa = PBXFileReference; lastKnownFileType = folder.assetcatalog; path = "Preview Assets.xcassets"; sourceTree = "<group>"; };
		78F56D6C2C8557A9009A2781 /* Colors.xcassets */ = {isa = PBXFileReference; lastKnownFileType = folder.assetcatalog; path = Colors.xcassets; sourceTree = "<group>"; };
		78F56D6F2C85DCE5009A2781 /* Inter-Bold.ttf */ = {isa = PBXFileReference; lastKnownFileType = file; path = "Inter-Bold.ttf"; sourceTree = "<group>"; };
		78F56D702C85DCE5009A2781 /* Inter-Regular.ttf */ = {isa = PBXFileReference; lastKnownFileType = file; path = "Inter-Regular.ttf"; sourceTree = "<group>"; };
		78F56D732C85DD03009A2781 /* Inter-ExtraLight.ttf */ = {isa = PBXFileReference; lastKnownFileType = file; path = "Inter-ExtraLight.ttf"; sourceTree = "<group>"; };
		78F56D752C85DD26009A2781 /* Info.plist */ = {isa = PBXFileReference; lastKnownFileType = text.plist.xml; path = Info.plist; sourceTree = "<group>"; };
		78F56D762C85DDBA009A2781 /* Font+Extensions.swift */ = {isa = PBXFileReference; lastKnownFileType = sourcecode.swift; path = "Font+Extensions.swift"; sourceTree = "<group>"; };
		78F56D7E2C85F3F5009A2781 /* Joke.swift */ = {isa = PBXFileReference; lastKnownFileType = sourcecode.swift; path = Joke.swift; sourceTree = "<group>"; };
		78F56D832C85F51C009A2781 /* JokeType.swift */ = {isa = PBXFileReference; lastKnownFileType = sourcecode.swift; path = JokeType.swift; sourceTree = "<group>"; };
		78F56D862C866D98009A2781 /* NetworkService.swift */ = {isa = PBXFileReference; lastKnownFileType = sourcecode.swift; path = NetworkService.swift; sourceTree = "<group>"; };
		78F56D882C866DA1009A2781 /* NetworkServiceProtocol.swift */ = {isa = PBXFileReference; lastKnownFileType = sourcecode.swift; path = NetworkServiceProtocol.swift; sourceTree = "<group>"; };
		78F56D8B2C867695009A2781 /* CacheServiceProtocol.swift */ = {isa = PBXFileReference; lastKnownFileType = sourcecode.swift; path = CacheServiceProtocol.swift; sourceTree = "<group>"; };
		78F56D8D2C8676BA009A2781 /* CacheService.swift */ = {isa = PBXFileReference; lastKnownFileType = sourcecode.swift; path = CacheService.swift; sourceTree = "<group>"; };
		78F56D902C867A08009A2781 /* JokeServiceProtocol.swift */ = {isa = PBXFileReference; lastKnownFileType = sourcecode.swift; path = JokeServiceProtocol.swift; sourceTree = "<group>"; };
		78F56D922C867A0F009A2781 /* JokeService.swift */ = {isa = PBXFileReference; lastKnownFileType = sourcecode.swift; path = JokeService.swift; sourceTree = "<group>"; };
		78F56D962C8682BE009A2781 /* JokeDAOProtocol.swift */ = {isa = PBXFileReference; lastKnownFileType = sourcecode.swift; path = JokeDAOProtocol.swift; sourceTree = "<group>"; };
		78F56D982C8682C4009A2781 /* JokeDAO.swift */ = {isa = PBXFileReference; lastKnownFileType = sourcecode.swift; path = JokeDAO.swift; sourceTree = "<group>"; };
		78F56D9A2C8685FE009A2781 /* CacheError.swift */ = {isa = PBXFileReference; lastKnownFileType = sourcecode.swift; path = CacheError.swift; sourceTree = "<group>"; };
		78F56D9C2C868B21009A2781 /* DependencyContainer.swift */ = {isa = PBXFileReference; lastKnownFileType = sourcecode.swift; path = DependencyContainer.swift; sourceTree = "<group>"; };
		78F56D9F2C8690B5009A2781 /* JokeRepositoryProtocol.swift */ = {isa = PBXFileReference; lastKnownFileType = sourcecode.swift; path = JokeRepositoryProtocol.swift; sourceTree = "<group>"; };
		78F56DA12C8690BC009A2781 /* JokeRepository.swift */ = {isa = PBXFileReference; lastKnownFileType = sourcecode.swift; path = JokeRepository.swift; sourceTree = "<group>"; };
		78F56DA42C86A461009A2781 /* MainTabView.swift */ = {isa = PBXFileReference; lastKnownFileType = sourcecode.swift; path = MainTabView.swift; sourceTree = "<group>"; };
		78F56DA62C86A473009A2781 /* MainTabViewModel.swift */ = {isa = PBXFileReference; lastKnownFileType = sourcecode.swift; path = MainTabViewModel.swift; sourceTree = "<group>"; };
		78F56DA82C86A4C1009A2781 /* Constants.swift */ = {isa = PBXFileReference; lastKnownFileType = sourcecode.swift; path = Constants.swift; sourceTree = "<group>"; };
		78F56DAF2C86A62D009A2781 /* Localizable.strings */ = {isa = PBXFileReference; lastKnownFileType = text.plist.strings; path = Localizable.strings; sourceTree = "<group>"; };
		78F56DB12C86A692009A2781 /* String+Extensions.swift */ = {isa = PBXFileReference; lastKnownFileType = sourcecode.swift; path = "String+Extensions.swift"; sourceTree = "<group>"; };
		78F56DB42C86A746009A2781 /* HomeView.swift */ = {isa = PBXFileReference; lastKnownFileType = sourcecode.swift; path = HomeView.swift; sourceTree = "<group>"; };
		78F56DB62C86A74D009A2781 /* HomeViewModel.swift */ = {isa = PBXFileReference; lastKnownFileType = sourcecode.swift; path = HomeViewModel.swift; sourceTree = "<group>"; };
		78F56DB92C86A780009A2781 /* FeedViewModel.swift */ = {isa = PBXFileReference; lastKnownFileType = sourcecode.swift; path = FeedViewModel.swift; sourceTree = "<group>"; };
		78F56DBB2C86A787009A2781 /* FeedView.swift */ = {isa = PBXFileReference; lastKnownFileType = sourcecode.swift; path = FeedView.swift; sourceTree = "<group>"; };
		78F56DC32C86A7D7009A2781 /* SettingsViewModel.swift */ = {isa = PBXFileReference; lastKnownFileType = sourcecode.swift; path = SettingsViewModel.swift; sourceTree = "<group>"; };
		78F56DC52C86A7E5009A2781 /* SettingsView.swift */ = {isa = PBXFileReference; lastKnownFileType = sourcecode.swift; path = SettingsView.swift; sourceTree = "<group>"; };
/* End PBXFileReference section */

/* Begin PBXFrameworksBuildPhase section */
		78F56D432C8555BA009A2781 /* Frameworks */ = {
			isa = PBXFrameworksBuildPhase;
			buildActionMask = 2147483647;
			files = (
				78F56D7A2C85DEA2009A2781 /* Swinject in Frameworks */,
				78F56D7D2C85DEBF009A2781 /* Alamofire in Frameworks */,
			);
			runOnlyForDeploymentPostprocessing = 0;
		};
/* End PBXFrameworksBuildPhase section */

/* Begin PBXGroup section */
		782D45D92C86B38B001263A1 /* Shared */ = {
			isa = PBXGroup;
			children = (
				782D45DA2C86B398001263A1 /* AlertInfo.swift */,
			);
			path = Shared;
			sourceTree = "<group>";
		};
		782D45E02C86B8CD001263A1 /* User */ = {
			isa = PBXGroup;
			children = (
				782D45E12C86B8D7001263A1 /* UserDAOProtocol.swift */,
				782D45E32C86B8DE001263A1 /* UserDAO.swift */,
			);
			path = User;
			sourceTree = "<group>";
		};
		782D45E52C86BA5F001263A1 /* User */ = {
			isa = PBXGroup;
			children = (
				782D45E62C86BA70001263A1 /* UserRepositoryProtocol.swift */,
				782D45E82C86BA7E001263A1 /* UserRepository.swift */,
			);
			path = User;
			sourceTree = "<group>";
		};
		782D45EC2C86BC0B001263A1 /* LoginView */ = {
			isa = PBXGroup;
			children = (
				782D45ED2C86BC1D001263A1 /* LoginView.swift */,
			);
			path = LoginView;
			sourceTree = "<group>";
		};
		782D45FD2C873E26001263A1 /* Joke */ = {
			isa = PBXGroup;
			children = (
				782D46052C8743EE001263A1 /* JokeContainer.swift */,
				782D46032C874190001263A1 /* PagedJokeView.swift */,
				782D45FB2C873E24001263A1 /* JokeView.swift */,
			);
			path = Joke;
			sourceTree = "<group>";
		};
		782D45FE2C873EF4001263A1 /* ColorScheme */ = {
			isa = PBXGroup;
			children = (
				782D45FF2C873F01001263A1 /* ColorScheme.swift */,
			);
			path = ColorScheme;
			sourceTree = "<group>";
		};
		78F56D3D2C8555BA009A2781 = {
			isa = PBXGroup;
			children = (
				78F56D482C8555BA009A2781 /* Punster */,
				78F56D472C8555BA009A2781 /* Products */,
			);
			sourceTree = "<group>";
		};
		78F56D472C8555BA009A2781 /* Products */ = {
			isa = PBXGroup;
			children = (
				78F56D462C8555BA009A2781 /* Punster.app */,
			);
			name = Products;
			sourceTree = "<group>";
		};
		78F56D482C8555BA009A2781 /* Punster */ = {
			isa = PBXGroup;
			children = (
				78F56D572C8556E4009A2781 /* App */,
				78F56D582C8556EA009A2781 /* Domain */,
				78F56D592C8556F2009A2781 /* Presentation */,
				78F56D5A2C8556F8009A2781 /* Components */,
				78F56D5B2C855700009A2781 /* Utilities */,
				78F56D5C2C85570C009A2781 /* SupportFiles */,
				78F56D4F2C8555BB009A2781 /* Preview Content */,
			);
			path = Punster;
			sourceTree = "<group>";
		};
		78F56D4F2C8555BB009A2781 /* Preview Content */ = {
			isa = PBXGroup;
			children = (
				78F56D502C8555BB009A2781 /* Preview Assets.xcassets */,
			);
			path = "Preview Content";
			sourceTree = "<group>";
		};
		78F56D572C8556E4009A2781 /* App */ = {
			isa = PBXGroup;
			children = (
				78F56D492C8555BA009A2781 /* PunsterApp.swift */,
				782D45EA2C86BB6B001263A1 /* AppState.swift */,
			);
			path = App;
			sourceTree = "<group>";
		};
		78F56D582C8556EA009A2781 /* Domain */ = {
			isa = PBXGroup;
			children = (
				78F56D5D2C855739009A2781 /* Models */,
				78F56D5E2C85573D009A2781 /* DAOs */,
				78F56D5F2C855742009A2781 /* Services */,
				78F56D602C855746009A2781 /* Repositories */,
			);
			path = Domain;
			sourceTree = "<group>";
		};
		78F56D592C8556F2009A2781 /* Presentation */ = {
			isa = PBXGroup;
			children = (
				782D45EC2C86BC0B001263A1 /* LoginView */,
				78F56DA32C86A45A009A2781 /* MainTab */,
				78F56DB32C86A73C009A2781 /* HomeView */,
				78F56DB82C86A772009A2781 /* FeedView */,
				78F56DC22C86A7CB009A2781 /* SettingsView */,
				78F56D612C855756009A2781 /* Shared */,
			);
			path = Presentation;
			sourceTree = "<group>";
		};
		78F56D5A2C8556F8009A2781 /* Components */ = {
			isa = PBXGroup;
			children = (
				78F56D632C855760009A2781 /* Buttons */,
				78F56D642C855766009A2781 /* Labels */,
				78F56D652C85576C009A2781 /* Views */,
				78F56D662C855776009A2781 /* Helpers */,
			);
			path = Components;
			sourceTree = "<group>";
		};
		78F56D5B2C855700009A2781 /* Utilities */ = {
			isa = PBXGroup;
			children = (
				78F56D692C855789009A2781 /* Constants */,
				78F56DAE2C86A5DF009A2781 /* Localizables */,
				78F56D6A2C85578C009A2781 /* Extensions */,
				78F56D6B2C855793009A2781 /* Managers */,
			);
			path = Utilities;
			sourceTree = "<group>";
		};
		78F56D5C2C85570C009A2781 /* SupportFiles */ = {
			isa = PBXGroup;
			children = (
				78F56D752C85DD26009A2781 /* Info.plist */,
				78F56D4D2C8555BB009A2781 /* Assets.xcassets */,
				78F56D6C2C8557A9009A2781 /* Colors.xcassets */,
				78F56D6E2C8557B1009A2781 /* Fonts */,
			);
			path = SupportFiles;
			sourceTree = "<group>";
		};
		78F56D5D2C855739009A2781 /* Models */ = {
			isa = PBXGroup;
			children = (
				782D45FE2C873EF4001263A1 /* ColorScheme */,
				78F56D822C85F44A009A2781 /* Joke */,
				782D45D92C86B38B001263A1 /* Shared */,
			);
			path = Models;
			sourceTree = "<group>";
		};
		78F56D5E2C85573D009A2781 /* DAOs */ = {
			isa = PBXGroup;
			children = (
				78F56D952C8682B4009A2781 /* Joke */,
				782D45E02C86B8CD001263A1 /* User */,
			);
			path = DAOs;
			sourceTree = "<group>";
		};
		78F56D5F2C855742009A2781 /* Services */ = {
			isa = PBXGroup;
			children = (
				78F56D8F2C8679F6009A2781 /* Joke */,
				78F56D942C868152009A2781 /* Helpers */,
			);
			path = Services;
			sourceTree = "<group>";
		};
		78F56D602C855746009A2781 /* Repositories */ = {
			isa = PBXGroup;
			children = (
				78F56D9E2C8690A7009A2781 /* Joke */,
				782D45E52C86BA5F001263A1 /* User */,
			);
			path = Repositories;
			sourceTree = "<group>";
		};
		78F56D612C855756009A2781 /* Shared */ = {
			isa = PBXGroup;
			children = (
			);
			path = Shared;
			sourceTree = "<group>";
		};
		78F56D632C855760009A2781 /* Buttons */ = {
			isa = PBXGroup;
			children = (
				782D45EF2C86BC4A001263A1 /* AppButton.swift */,
			);
			path = Buttons;
			sourceTree = "<group>";
		};
		78F56D642C855766009A2781 /* Labels */ = {
			isa = PBXGroup;
			children = (
				782D45F72C873CCD001263A1 /* AppLabel.swift */,
			);
			path = Labels;
			sourceTree = "<group>";
		};
		78F56D652C85576C009A2781 /* Views */ = {
			isa = PBXGroup;
			children = (
				782D45FD2C873E26001263A1 /* Joke */,
				782D45CD2C86AA89001263A1 /* PageBackground.swift */,
			);
			path = Views;
			sourceTree = "<group>";
		};
		78F56D662C855776009A2781 /* Helpers */ = {
			isa = PBXGroup;
			children = (
				78F56D672C85577C009A2781 /* Modifiers */,
				78F56D682C855781009A2781 /* Styles */,
			);
			path = Helpers;
			sourceTree = "<group>";
		};
		78F56D672C85577C009A2781 /* Modifiers */ = {
			isa = PBXGroup;
			children = (
				782D45CF2C86ACB9001263A1 /* NavBarModifier.swift */,
				782D45F12C86BC93001263A1 /* TextModifiers.swift */,
			);
			path = Modifiers;
			sourceTree = "<group>";
		};
		78F56D682C855781009A2781 /* Styles */ = {
			isa = PBXGroup;
			children = (
				782D45F92C873CDC001263A1 /* AppTextStyle.swift */,
			);
			path = Styles;
			sourceTree = "<group>";
		};
		78F56D692C855789009A2781 /* Constants */ = {
			isa = PBXGroup;
			children = (
				78F56DA82C86A4C1009A2781 /* Constants.swift */,
				78F56DAA2C86A512009A2781 /* Strings */,
				78F56DAB2C86A519009A2781 /* Numbers */,
			);
			path = Constants;
			sourceTree = "<group>";
		};
		78F56D6A2C85578C009A2781 /* Extensions */ = {
			isa = PBXGroup;
			children = (
				78F56D762C85DDBA009A2781 /* Font+Extensions.swift */,
				78F56DB12C86A692009A2781 /* String+Extensions.swift */,
				782D46012C873F23001263A1 /* Color+Extensions.swift */,
			);
			path = Extensions;
			sourceTree = "<group>";
		};
		78F56D6B2C855793009A2781 /* Managers */ = {
			isa = PBXGroup;
			children = (
				78F56D9C2C868B21009A2781 /* DependencyContainer.swift */,
			);
			path = Managers;
			sourceTree = "<group>";
		};
		78F56D6E2C8557B1009A2781 /* Fonts */ = {
			isa = PBXGroup;
			children = (
				78F56D6F2C85DCE5009A2781 /* Inter-Bold.ttf */,
				78F56D732C85DD03009A2781 /* Inter-ExtraLight.ttf */,
				78F56D702C85DCE5009A2781 /* Inter-Regular.ttf */,
			);
			path = Fonts;
			sourceTree = "<group>";
		};
		78F56D822C85F44A009A2781 /* Joke */ = {
			isa = PBXGroup;
			children = (
				782D45DE2C86B61B001263A1 /* JokeResult.swift */,
				78F56D7E2C85F3F5009A2781 /* Joke.swift */,
				78F56D832C85F51C009A2781 /* JokeType.swift */,
				782D46072C87696D001263A1 /* FeedJoke.swift */,
			);
			path = Joke;
			sourceTree = "<group>";
		};
		78F56D852C866D8E009A2781 /* Network */ = {
			isa = PBXGroup;
			children = (
				78F56D882C866DA1009A2781 /* NetworkServiceProtocol.swift */,
				78F56D862C866D98009A2781 /* NetworkService.swift */,
			);
			path = Network;
			sourceTree = "<group>";
		};
		78F56D8A2C86768A009A2781 /* Cache */ = {
			isa = PBXGroup;
			children = (
				78F56D8B2C867695009A2781 /* CacheServiceProtocol.swift */,
				78F56D8D2C8676BA009A2781 /* CacheService.swift */,
				78F56D9A2C8685FE009A2781 /* CacheError.swift */,
			);
			path = Cache;
			sourceTree = "<group>";
		};
		78F56D8F2C8679F6009A2781 /* Joke */ = {
			isa = PBXGroup;
			children = (
				78F56D902C867A08009A2781 /* JokeServiceProtocol.swift */,
				78F56D922C867A0F009A2781 /* JokeService.swift */,
			);
			path = Joke;
			sourceTree = "<group>";
		};
		78F56D942C868152009A2781 /* Helpers */ = {
			isa = PBXGroup;
			children = (
				78F56D8A2C86768A009A2781 /* Cache */,
				78F56D852C866D8E009A2781 /* Network */,
			);
			path = Helpers;
			sourceTree = "<group>";
		};
		78F56D952C8682B4009A2781 /* Joke */ = {
			isa = PBXGroup;
			children = (
				78F56D962C8682BE009A2781 /* JokeDAOProtocol.swift */,
				78F56D982C8682C4009A2781 /* JokeDAO.swift */,
			);
			path = Joke;
			sourceTree = "<group>";
		};
		78F56D9E2C8690A7009A2781 /* Joke */ = {
			isa = PBXGroup;
			children = (
				78F56D9F2C8690B5009A2781 /* JokeRepositoryProtocol.swift */,
				78F56DA12C8690BC009A2781 /* JokeRepository.swift */,
			);
			path = Joke;
			sourceTree = "<group>";
		};
		78F56DA32C86A45A009A2781 /* MainTab */ = {
			isa = PBXGroup;
			children = (
				78F56DA42C86A461009A2781 /* MainTabView.swift */,
				78F56DA62C86A473009A2781 /* MainTabViewModel.swift */,
			);
			path = MainTab;
			sourceTree = "<group>";
		};
		78F56DAA2C86A512009A2781 /* Strings */ = {
			isa = PBXGroup;
			children = (
				782D45DC2C86B403001263A1 /* Constants+Strings+Shared.swift */,
				782D45F32C86BD04001263A1 /* Constants+Strings+Login.swift */,
				782D45D12C86ACFC001263A1 /* Constants+Strings+Home.swift */,
				782D45D32C86AD06001263A1 /* Constants+Strings+Feed.swift */,
				782D45D52C86AD10001263A1 /* Constants+Strings+Favorites.swift */,
				782D45D72C86AD18001263A1 /* Constants+Feeds+Settings.swift */,
				782D460B2C8775F5001263A1 /* Constants+Strings+API.swift */,
			);
			path = Strings;
			sourceTree = "<group>";
		};
		78F56DAB2C86A519009A2781 /* Numbers */ = {
			isa = PBXGroup;
			children = (
				782D46092C877358001263A1 /* Constants+Numbers+Time.swift */,
			);
			path = Numbers;
			sourceTree = "<group>";
		};
		78F56DAE2C86A5DF009A2781 /* Localizables */ = {
			isa = PBXGroup;
			children = (
				78F56DAF2C86A62D009A2781 /* Localizable.strings */,
			);
			path = Localizables;
			sourceTree = "<group>";
		};
		78F56DB32C86A73C009A2781 /* HomeView */ = {
			isa = PBXGroup;
			children = (
				78F56DB42C86A746009A2781 /* HomeView.swift */,
				78F56DB62C86A74D009A2781 /* HomeViewModel.swift */,
			);
			path = HomeView;
			sourceTree = "<group>";
		};
		78F56DB82C86A772009A2781 /* FeedView */ = {
			isa = PBXGroup;
			children = (
				78F56DBB2C86A787009A2781 /* FeedView.swift */,
				78F56DB92C86A780009A2781 /* FeedViewModel.swift */,
			);
			path = FeedView;
			sourceTree = "<group>";
		};
		78F56DC22C86A7CB009A2781 /* SettingsView */ = {
			isa = PBXGroup;
			children = (
				78F56DC52C86A7E5009A2781 /* SettingsView.swift */,
				78F56DC32C86A7D7009A2781 /* SettingsViewModel.swift */,
			);
			path = SettingsView;
			sourceTree = "<group>";
		};
/* End PBXGroup section */

/* Begin PBXNativeTarget section */
		78F56D452C8555BA009A2781 /* Punster */ = {
			isa = PBXNativeTarget;
			buildConfigurationList = 78F56D542C8555BB009A2781 /* Build configuration list for PBXNativeTarget "Punster" */;
			buildPhases = (
				78F56D422C8555BA009A2781 /* Sources */,
				78F56D432C8555BA009A2781 /* Frameworks */,
				78F56D442C8555BA009A2781 /* Resources */,
			);
			buildRules = (
			);
			dependencies = (
			);
			name = Punster;
			packageProductDependencies = (
				78F56D792C85DEA2009A2781 /* Swinject */,
				78F56D7C2C85DEBF009A2781 /* Alamofire */,
			);
			productName = Punster;
			productReference = 78F56D462C8555BA009A2781 /* Punster.app */;
			productType = "com.apple.product-type.application";
		};
/* End PBXNativeTarget section */

/* Begin PBXProject section */
		78F56D3E2C8555BA009A2781 /* Project object */ = {
			isa = PBXProject;
			attributes = {
				BuildIndependentTargetsInParallel = 1;
				LastSwiftUpdateCheck = 1510;
				LastUpgradeCheck = 1510;
				TargetAttributes = {
					78F56D452C8555BA009A2781 = {
						CreatedOnToolsVersion = 15.1;
					};
				};
			};
			buildConfigurationList = 78F56D412C8555BA009A2781 /* Build configuration list for PBXProject "Punster" */;
			compatibilityVersion = "Xcode 14.0";
			developmentRegion = en;
			hasScannedForEncodings = 0;
			knownRegions = (
				en,
				Base,
			);
			mainGroup = 78F56D3D2C8555BA009A2781;
			packageReferences = (
				78F56D782C85DEA2009A2781 /* XCRemoteSwiftPackageReference "Swinject" */,
				78F56D7B2C85DEBF009A2781 /* XCRemoteSwiftPackageReference "Alamofire" */,
			);
			productRefGroup = 78F56D472C8555BA009A2781 /* Products */;
			projectDirPath = "";
			projectRoot = "";
			targets = (
				78F56D452C8555BA009A2781 /* Punster */,
			);
		};
/* End PBXProject section */

/* Begin PBXResourcesBuildPhase section */
		78F56D442C8555BA009A2781 /* Resources */ = {
			isa = PBXResourcesBuildPhase;
			buildActionMask = 2147483647;
			files = (
				78F56D6D2C8557A9009A2781 /* Colors.xcassets in Resources */,
				78F56D742C85DD03009A2781 /* Inter-ExtraLight.ttf in Resources */,
				78F56D722C85DCE5009A2781 /* Inter-Regular.ttf in Resources */,
				78F56DB02C86A62D009A2781 /* Localizable.strings in Resources */,
				78F56D512C8555BB009A2781 /* Preview Assets.xcassets in Resources */,
				78F56D712C85DCE5009A2781 /* Inter-Bold.ttf in Resources */,
				78F56D4E2C8555BB009A2781 /* Assets.xcassets in Resources */,
			);
			runOnlyForDeploymentPostprocessing = 0;
		};
/* End PBXResourcesBuildPhase section */

/* Begin PBXSourcesBuildPhase section */
		78F56D422C8555BA009A2781 /* Sources */ = {
			isa = PBXSourcesBuildPhase;
			buildActionMask = 2147483647;
			files = (
				78F56D932C867A0F009A2781 /* JokeService.swift in Sources */,
				782D45DF2C86B61B001263A1 /* JokeResult.swift in Sources */,
				782D45DD2C86B403001263A1 /* Constants+Strings+Shared.swift in Sources */,
				782D460C2C8775F5001263A1 /* Constants+Strings+API.swift in Sources */,
				78F56DB22C86A692009A2781 /* String+Extensions.swift in Sources */,
				782D45FA2C873CDC001263A1 /* AppTextStyle.swift in Sources */,
				78F56DA92C86A4C1009A2781 /* Constants.swift in Sources */,
				782D46082C87696D001263A1 /* FeedJoke.swift in Sources */,
				782D46002C873F01001263A1 /* ColorScheme.swift in Sources */,
				782D45F82C873CCD001263A1 /* AppLabel.swift in Sources */,
				78F56D9D2C868B21009A2781 /* DependencyContainer.swift in Sources */,
				78F56DA02C8690B5009A2781 /* JokeRepositoryProtocol.swift in Sources */,
				78F56DB72C86A74D009A2781 /* HomeViewModel.swift in Sources */,
				782D45EE2C86BC1D001263A1 /* LoginView.swift in Sources */,
				78F56DB52C86A746009A2781 /* HomeView.swift in Sources */,
				782D45EB2C86BB6B001263A1 /* AppState.swift in Sources */,
				782D45F02C86BC4A001263A1 /* AppButton.swift in Sources */,
				78F56D772C85DDBA009A2781 /* Font+Extensions.swift in Sources */,
				782D45F22C86BC93001263A1 /* TextModifiers.swift in Sources */,
				78F56D972C8682BE009A2781 /* JokeDAOProtocol.swift in Sources */,
				782D45F42C86BD04001263A1 /* Constants+Strings+Login.swift in Sources */,
				78F56DA22C8690BC009A2781 /* JokeRepository.swift in Sources */,
				78F56DBC2C86A787009A2781 /* FeedView.swift in Sources */,
				78F56D7F2C85F3F5009A2781 /* Joke.swift in Sources */,
				782D45E72C86BA70001263A1 /* UserRepositoryProtocol.swift in Sources */,
				78F56D892C866DA1009A2781 /* NetworkServiceProtocol.swift in Sources */,
				78F56D8C2C867695009A2781 /* CacheServiceProtocol.swift in Sources */,
				78F56D4A2C8555BA009A2781 /* PunsterApp.swift in Sources */,
				78F56DBA2C86A780009A2781 /* FeedViewModel.swift in Sources */,
				78F56DC62C86A7E5009A2781 /* SettingsView.swift in Sources */,
				782D45D82C86AD18001263A1 /* Constants+Feeds+Settings.swift in Sources */,
				78F56DA52C86A461009A2781 /* MainTabView.swift in Sources */,
				782D45DB2C86B398001263A1 /* AlertInfo.swift in Sources */,
				782D45D62C86AD10001263A1 /* Constants+Strings+Favorites.swift in Sources */,
				78F56D912C867A08009A2781 /* JokeServiceProtocol.swift in Sources */,
				782D45D42C86AD06001263A1 /* Constants+Strings+Feed.swift in Sources */,
				78F56D872C866D98009A2781 /* NetworkService.swift in Sources */,
				782D45FC2C873E24001263A1 /* JokeView.swift in Sources */,
				782D46042C874190001263A1 /* PagedJokeView.swift in Sources */,
				78F56D8E2C8676BA009A2781 /* CacheService.swift in Sources */,
				782D45E92C86BA7E001263A1 /* UserRepository.swift in Sources */,
				78F56D9B2C8685FE009A2781 /* CacheError.swift in Sources */,
				78F56D992C8682C4009A2781 /* JokeDAO.swift in Sources */,
				782D45E42C86B8DE001263A1 /* UserDAO.swift in Sources */,
				782D45E22C86B8D7001263A1 /* UserDAOProtocol.swift in Sources */,
				782D45D02C86ACB9001263A1 /* NavBarModifier.swift in Sources */,
				78F56D842C85F51C009A2781 /* JokeType.swift in Sources */,
				782D460A2C877358001263A1 /* Constants+Numbers+Time.swift in Sources */,
				78F56DA72C86A473009A2781 /* MainTabViewModel.swift in Sources */,
				782D46022C873F23001263A1 /* Color+Extensions.swift in Sources */,
				782D45D22C86ACFC001263A1 /* Constants+Strings+Home.swift in Sources */,
				782D46062C8743EE001263A1 /* JokeContainer.swift in Sources */,
				782D45CE2C86AA89001263A1 /* PageBackground.swift in Sources */,
				78F56DC42C86A7D7009A2781 /* SettingsViewModel.swift in Sources */,
			);
			runOnlyForDeploymentPostprocessing = 0;
		};
/* End PBXSourcesBuildPhase section */

/* Begin XCBuildConfiguration section */
		78F56D522C8555BB009A2781 /* Debug */ = {
			isa = XCBuildConfiguration;
			buildSettings = {
				ALWAYS_SEARCH_USER_PATHS = NO;
				ASSETCATALOG_COMPILER_GENERATE_SWIFT_ASSET_SYMBOL_EXTENSIONS = YES;
				CLANG_ANALYZER_NONNULL = YES;
				CLANG_ANALYZER_NUMBER_OBJECT_CONVERSION = YES_AGGRESSIVE;
				CLANG_CXX_LANGUAGE_STANDARD = "gnu++20";
				CLANG_ENABLE_MODULES = YES;
				CLANG_ENABLE_OBJC_ARC = YES;
				CLANG_ENABLE_OBJC_WEAK = YES;
				CLANG_WARN_BLOCK_CAPTURE_AUTORELEASING = YES;
				CLANG_WARN_BOOL_CONVERSION = YES;
				CLANG_WARN_COMMA = YES;
				CLANG_WARN_CONSTANT_CONVERSION = YES;
				CLANG_WARN_DEPRECATED_OBJC_IMPLEMENTATIONS = YES;
				CLANG_WARN_DIRECT_OBJC_ISA_USAGE = YES_ERROR;
				CLANG_WARN_DOCUMENTATION_COMMENTS = YES;
				CLANG_WARN_EMPTY_BODY = YES;
				CLANG_WARN_ENUM_CONVERSION = YES;
				CLANG_WARN_INFINITE_RECURSION = YES;
				CLANG_WARN_INT_CONVERSION = YES;
				CLANG_WARN_NON_LITERAL_NULL_CONVERSION = YES;
				CLANG_WARN_OBJC_IMPLICIT_RETAIN_SELF = YES;
				CLANG_WARN_OBJC_LITERAL_CONVERSION = YES;
				CLANG_WARN_OBJC_ROOT_CLASS = YES_ERROR;
				CLANG_WARN_QUOTED_INCLUDE_IN_FRAMEWORK_HEADER = YES;
				CLANG_WARN_RANGE_LOOP_ANALYSIS = YES;
				CLANG_WARN_STRICT_PROTOTYPES = YES;
				CLANG_WARN_SUSPICIOUS_MOVE = YES;
				CLANG_WARN_UNGUARDED_AVAILABILITY = YES_AGGRESSIVE;
				CLANG_WARN_UNREACHABLE_CODE = YES;
				CLANG_WARN__DUPLICATE_METHOD_MATCH = YES;
				COPY_PHASE_STRIP = NO;
				DEBUG_INFORMATION_FORMAT = dwarf;
				ENABLE_STRICT_OBJC_MSGSEND = YES;
				ENABLE_TESTABILITY = YES;
				ENABLE_USER_SCRIPT_SANDBOXING = YES;
				GCC_C_LANGUAGE_STANDARD = gnu17;
				GCC_DYNAMIC_NO_PIC = NO;
				GCC_NO_COMMON_BLOCKS = YES;
				GCC_OPTIMIZATION_LEVEL = 0;
				GCC_PREPROCESSOR_DEFINITIONS = (
					"DEBUG=1",
					"$(inherited)",
				);
				GCC_WARN_64_TO_32_BIT_CONVERSION = YES;
				GCC_WARN_ABOUT_RETURN_TYPE = YES_ERROR;
				GCC_WARN_UNDECLARED_SELECTOR = YES;
				GCC_WARN_UNINITIALIZED_AUTOS = YES_AGGRESSIVE;
				GCC_WARN_UNUSED_FUNCTION = YES;
				GCC_WARN_UNUSED_VARIABLE = YES;
				IPHONEOS_DEPLOYMENT_TARGET = 17.2;
				LOCALIZATION_PREFERS_STRING_CATALOGS = YES;
				MTL_ENABLE_DEBUG_INFO = INCLUDE_SOURCE;
				MTL_FAST_MATH = YES;
				ONLY_ACTIVE_ARCH = YES;
				SDKROOT = iphoneos;
				SWIFT_ACTIVE_COMPILATION_CONDITIONS = "DEBUG $(inherited)";
				SWIFT_OPTIMIZATION_LEVEL = "-Onone";
			};
			name = Debug;
		};
		78F56D532C8555BB009A2781 /* Release */ = {
			isa = XCBuildConfiguration;
			buildSettings = {
				ALWAYS_SEARCH_USER_PATHS = NO;
				ASSETCATALOG_COMPILER_GENERATE_SWIFT_ASSET_SYMBOL_EXTENSIONS = YES;
				CLANG_ANALYZER_NONNULL = YES;
				CLANG_ANALYZER_NUMBER_OBJECT_CONVERSION = YES_AGGRESSIVE;
				CLANG_CXX_LANGUAGE_STANDARD = "gnu++20";
				CLANG_ENABLE_MODULES = YES;
				CLANG_ENABLE_OBJC_ARC = YES;
				CLANG_ENABLE_OBJC_WEAK = YES;
				CLANG_WARN_BLOCK_CAPTURE_AUTORELEASING = YES;
				CLANG_WARN_BOOL_CONVERSION = YES;
				CLANG_WARN_COMMA = YES;
				CLANG_WARN_CONSTANT_CONVERSION = YES;
				CLANG_WARN_DEPRECATED_OBJC_IMPLEMENTATIONS = YES;
				CLANG_WARN_DIRECT_OBJC_ISA_USAGE = YES_ERROR;
				CLANG_WARN_DOCUMENTATION_COMMENTS = YES;
				CLANG_WARN_EMPTY_BODY = YES;
				CLANG_WARN_ENUM_CONVERSION = YES;
				CLANG_WARN_INFINITE_RECURSION = YES;
				CLANG_WARN_INT_CONVERSION = YES;
				CLANG_WARN_NON_LITERAL_NULL_CONVERSION = YES;
				CLANG_WARN_OBJC_IMPLICIT_RETAIN_SELF = YES;
				CLANG_WARN_OBJC_LITERAL_CONVERSION = YES;
				CLANG_WARN_OBJC_ROOT_CLASS = YES_ERROR;
				CLANG_WARN_QUOTED_INCLUDE_IN_FRAMEWORK_HEADER = YES;
				CLANG_WARN_RANGE_LOOP_ANALYSIS = YES;
				CLANG_WARN_STRICT_PROTOTYPES = YES;
				CLANG_WARN_SUSPICIOUS_MOVE = YES;
				CLANG_WARN_UNGUARDED_AVAILABILITY = YES_AGGRESSIVE;
				CLANG_WARN_UNREACHABLE_CODE = YES;
				CLANG_WARN__DUPLICATE_METHOD_MATCH = YES;
				COPY_PHASE_STRIP = NO;
				DEBUG_INFORMATION_FORMAT = "dwarf-with-dsym";
				ENABLE_NS_ASSERTIONS = NO;
				ENABLE_STRICT_OBJC_MSGSEND = YES;
				ENABLE_USER_SCRIPT_SANDBOXING = YES;
				GCC_C_LANGUAGE_STANDARD = gnu17;
				GCC_NO_COMMON_BLOCKS = YES;
				GCC_WARN_64_TO_32_BIT_CONVERSION = YES;
				GCC_WARN_ABOUT_RETURN_TYPE = YES_ERROR;
				GCC_WARN_UNDECLARED_SELECTOR = YES;
				GCC_WARN_UNINITIALIZED_AUTOS = YES_AGGRESSIVE;
				GCC_WARN_UNUSED_FUNCTION = YES;
				GCC_WARN_UNUSED_VARIABLE = YES;
				IPHONEOS_DEPLOYMENT_TARGET = 17.2;
				LOCALIZATION_PREFERS_STRING_CATALOGS = YES;
				MTL_ENABLE_DEBUG_INFO = NO;
				MTL_FAST_MATH = YES;
				SDKROOT = iphoneos;
				SWIFT_COMPILATION_MODE = wholemodule;
				VALIDATE_PRODUCT = YES;
			};
			name = Release;
		};
		78F56D552C8555BB009A2781 /* Debug */ = {
			isa = XCBuildConfiguration;
			buildSettings = {
				ASSETCATALOG_COMPILER_APPICON_NAME = AppIcon;
				ASSETCATALOG_COMPILER_GLOBAL_ACCENT_COLOR_NAME = AccentColor;
				CODE_SIGN_STYLE = Automatic;
				CURRENT_PROJECT_VERSION = 1;
				DEVELOPMENT_ASSET_PATHS = "\"Punster/Preview Content\"";
				DEVELOPMENT_TEAM = MJA8334VZT;
				ENABLE_PREVIEWS = YES;
				GENERATE_INFOPLIST_FILE = YES;
				INFOPLIST_FILE = Punster/SupportFiles/Info.plist;
				INFOPLIST_KEY_UIApplicationSceneManifest_Generation = YES;
				INFOPLIST_KEY_UIApplicationSupportsIndirectInputEvents = YES;
				INFOPLIST_KEY_UILaunchScreen_Generation = YES;
				INFOPLIST_KEY_UISupportedInterfaceOrientations = UIInterfaceOrientationPortrait;
				IPHONEOS_DEPLOYMENT_TARGET = 16.0;
				LD_RUNPATH_SEARCH_PATHS = (
					"$(inherited)",
					"@executable_path/Frameworks",
				);
				MARKETING_VERSION = 0.1;
				PRODUCT_BUNDLE_IDENTIFIER = com.zigamajig.Punster;
				PRODUCT_NAME = "$(TARGET_NAME)";
				SWIFT_EMIT_LOC_STRINGS = YES;
				SWIFT_VERSION = 5.0;
				TARGETED_DEVICE_FAMILY = "1,2";
			};
			name = Debug;
		};
		78F56D562C8555BB009A2781 /* Release */ = {
			isa = XCBuildConfiguration;
			buildSettings = {
				ASSETCATALOG_COMPILER_APPICON_NAME = AppIcon;
				ASSETCATALOG_COMPILER_GLOBAL_ACCENT_COLOR_NAME = AccentColor;
				CODE_SIGN_STYLE = Automatic;
				CURRENT_PROJECT_VERSION = 1;
				DEVELOPMENT_ASSET_PATHS = "\"Punster/Preview Content\"";
				DEVELOPMENT_TEAM = MJA8334VZT;
				ENABLE_PREVIEWS = YES;
				GENERATE_INFOPLIST_FILE = YES;
				INFOPLIST_FILE = Punster/SupportFiles/Info.plist;
				INFOPLIST_KEY_UIApplicationSceneManifest_Generation = YES;
				INFOPLIST_KEY_UIApplicationSupportsIndirectInputEvents = YES;
				INFOPLIST_KEY_UILaunchScreen_Generation = YES;
				INFOPLIST_KEY_UISupportedInterfaceOrientations = UIInterfaceOrientationPortrait;
				IPHONEOS_DEPLOYMENT_TARGET = 16.0;
				LD_RUNPATH_SEARCH_PATHS = (
					"$(inherited)",
					"@executable_path/Frameworks",
				);
				MARKETING_VERSION = 0.1;
				PRODUCT_BUNDLE_IDENTIFIER = com.zigamajig.Punster;
				PRODUCT_NAME = "$(TARGET_NAME)";
				SWIFT_EMIT_LOC_STRINGS = YES;
				SWIFT_VERSION = 5.0;
				TARGETED_DEVICE_FAMILY = "1,2";
			};
			name = Release;
		};
/* End XCBuildConfiguration section */

/* Begin XCConfigurationList section */
		78F56D412C8555BA009A2781 /* Build configuration list for PBXProject "Punster" */ = {
			isa = XCConfigurationList;
			buildConfigurations = (
				78F56D522C8555BB009A2781 /* Debug */,
				78F56D532C8555BB009A2781 /* Release */,
			);
			defaultConfigurationIsVisible = 0;
			defaultConfigurationName = Release;
		};
		78F56D542C8555BB009A2781 /* Build configuration list for PBXNativeTarget "Punster" */ = {
			isa = XCConfigurationList;
			buildConfigurations = (
				78F56D552C8555BB009A2781 /* Debug */,
				78F56D562C8555BB009A2781 /* Release */,
			);
			defaultConfigurationIsVisible = 0;
			defaultConfigurationName = Release;
		};
/* End XCConfigurationList section */

/* Begin XCRemoteSwiftPackageReference section */
		78F56D782C85DEA2009A2781 /* XCRemoteSwiftPackageReference "Swinject" */ = {
			isa = XCRemoteSwiftPackageReference;
			repositoryURL = "https://github.com/Swinject/Swinject";
			requirement = {
				kind = upToNextMajorVersion;
				minimumVersion = 2.9.1;
			};
		};
		78F56D7B2C85DEBF009A2781 /* XCRemoteSwiftPackageReference "Alamofire" */ = {
			isa = XCRemoteSwiftPackageReference;
			repositoryURL = "https://github.com/Alamofire/Alamofire.git";
			requirement = {
				kind = upToNextMajorVersion;
				minimumVersion = 5.9.1;
			};
		};
/* End XCRemoteSwiftPackageReference section */

/* Begin XCSwiftPackageProductDependency section */
		78F56D792C85DEA2009A2781 /* Swinject */ = {
			isa = XCSwiftPackageProductDependency;
			package = 78F56D782C85DEA2009A2781 /* XCRemoteSwiftPackageReference "Swinject" */;
			productName = Swinject;
		};
		78F56D7C2C85DEBF009A2781 /* Alamofire */ = {
			isa = XCSwiftPackageProductDependency;
			package = 78F56D7B2C85DEBF009A2781 /* XCRemoteSwiftPackageReference "Alamofire" */;
			productName = Alamofire;
		};
/* End XCSwiftPackageProductDependency section */
	};
	rootObject = 78F56D3E2C8555BA009A2781 /* Project object */;
}
